
Microsoft Visual Studio Solution File, Format Version 12.00
# Visual Studio Version 16
VisualStudioVersion = 16.0.31829.152
MinimumVisualStudioVersion = 10.0.40219.1
Project("{FAE04EC0-301F-11D3-BF4B-00C04F79EFBC}") = "lab3.1", "lab3.1\lab3.1.csproj", "{B06BFF4E-5CE3-4AF0-A7DB-AA214680CC42}"
EndProject
Project("{FAE04EC0-301F-11D3-BF4B-00C04F79EFBC}") = "lab3.2", "lab3.2\lab3.2.csproj", "{BD4894FF-24AE-4296-A063-E19AFDA5783F}"
EndProject
Global
	GlobalSection(SolutionConfigurationPlatforms) = preSolution
		Debug|Any CPU = Debug|Any CPU
		Release|Any CPU = Release|Any CPU
	EndGlobalSection
	GlobalSection(ProjectConfigurationPlatforms) = postSolution
		{B06BFF4E-5CE3-4AF0-A7DB-AA214680CC42}.Debug|Any CPU.ActiveCfg = Debug|Any CPU
		{B06BFF4E-5CE3-4AF0-A7DB-AA214680CC42}.Debug|Any CPU.Build.0 = Debug|Any CPU
		{B06BFF4E-5CE3-4AF0-A7DB-AA214680CC42}.Release|Any CPU.ActiveCfg = Release|Any CPU
		{B06BFF4E-5CE3-4AF0-A7DB-AA214680CC42}.Release|Any CPU.Build.0 = Release|Any CPU
		{BD4894FF-24AE-4296-A063-E19AFDA5783F}.Debug|Any CPU.ActiveCfg = Debug|Any CPU
		{BD4894FF-24AE-4296-A063-E19AFDA5783F}.Debug|Any CPU.Build.0 = Debug|Any CPU
		{BD4894FF-24AE-4296-A063-E19AFDA5783F}.Release|Any CPU.ActiveCfg = Release|Any CPU
		{BD4894FF-24AE-4296-A063-E19AFDA5783F}.Release|Any CPU.Build.0 = Release|Any CPU
	EndGlobalSection
	GlobalSection(SolutionProperties) = preSolution
		HideSolutionNode = FALSE
	EndGlobalSection
	GlobalSection(ExtensibilityGlobals) = postSolution
		SolutionGuid = {70074075-EA88-4C08-9452-60EF6EBCAEFB}
	EndGlobalSection
EndGlobal
